
Microsoft Visual Studio Solution File, Format Version 12.00
# Visual Studio Version 17
VisualStudioVersion = 17.0.31903.59
MinimumVisualStudioVersion = 10.0.40219.1
Project("{FAE04EC0-301F-11D3-BF4B-00C04F79EFBC}") = "WebApi", "WebApi\WebApi.csproj", "{9AB5D3F5-0310-4FB8-844F-424F07852D9A}"
EndProject
Project("{2150E333-8FDC-42A3-9474-1A3956D46DE8}") = "src", "src", "{827E0CD3-B72D-47B6-A68D-7590B98EB39B}"
EndProject
Project("{2150E333-8FDC-42A3-9474-1A3956D46DE8}") = "TemplateCleanArchi", "TemplateCleanArchi", "{70B897F1-AACC-F8C6-C83F-72E152202BC2}"
EndProject
Project("{FAE04EC0-301F-11D3-BF4B-00C04F79EFBC}") = "Application", "src\TemplateCleanArchi\Application\Application.csproj", "{68F42766-9A11-4219-BEC8-A80BCFCB7F0E}"
EndProject
Project("{FAE04EC0-301F-11D3-BF4B-00C04F79EFBC}") = "Domain", "src\TemplateCleanArchi\Domain\Domain.csproj", "{625EEBD5-F1A6-479A-97C7-267AE99DFEE9}"
EndProject
Project("{FAE04EC0-301F-11D3-BF4B-00C04F79EFBC}") = "Infrastructure", "src\Infrastructure\Infrastructure.csproj", "{E4CB39D6-171F-481A-A10C-DC72AB878B16}"
EndProject
Project("{2150E333-8FDC-42A3-9474-1A3956D46DE8}") = "Tests", "Tests", "{CEA09484-30F6-4D44-02F6-822E06DBC57C}"
EndProject
Project("{FAE04EC0-301F-11D3-BF4B-00C04F79EFBC}") = "Application.UnitTests", "src\Tests\Application.UnitTests\Application.UnitTests.csproj", "{CEAA35D6-47E9-4717-8A23-E8383385C962}"
EndProject
Project("{FAE04EC0-301F-11D3-BF4B-00C04F79EFBC}") = "Application.IntegrationTests", "src\Tests\Application.IntegrationTests\Application.IntegrationTests.csproj", "{FEC13C5F-7291-40B2-BFF2-28695B9BB8B8}"
EndProject
Global
	GlobalSection(SolutionConfigurationPlatforms) = preSolution
		Debug|Any CPU = Debug|Any CPU
		Debug|x64 = Debug|x64
		Debug|x86 = Debug|x86
		Release|Any CPU = Release|Any CPU
		Release|x64 = Release|x64
		Release|x86 = Release|x86
	EndGlobalSection
	GlobalSection(ProjectConfigurationPlatforms) = postSolution
		{9AB5D3F5-0310-4FB8-844F-424F07852D9A}.Debug|Any CPU.ActiveCfg = Debug|Any CPU
		{9AB5D3F5-0310-4FB8-844F-424F07852D9A}.Debug|Any CPU.Build.0 = Debug|Any CPU
		{9AB5D3F5-0310-4FB8-844F-424F07852D9A}.Debug|x64.ActiveCfg = Debug|Any CPU
		{9AB5D3F5-0310-4FB8-844F-424F07852D9A}.Debug|x64.Build.0 = Debug|Any CPU
		{9AB5D3F5-0310-4FB8-844F-424F07852D9A}.Debug|x86.ActiveCfg = Debug|Any CPU
		{9AB5D3F5-0310-4FB8-844F-424F07852D9A}.Debug|x86.Build.0 = Debug|Any CPU
		{9AB5D3F5-0310-4FB8-844F-424F07852D9A}.Release|Any CPU.ActiveCfg = Release|Any CPU
		{9AB5D3F5-0310-4FB8-844F-424F07852D9A}.Release|Any CPU.Build.0 = Release|Any CPU
		{9AB5D3F5-0310-4FB8-844F-424F07852D9A}.Release|x64.ActiveCfg = Release|Any CPU
		{9AB5D3F5-0310-4FB8-844F-424F07852D9A}.Release|x64.Build.0 = Release|Any CPU
		{9AB5D3F5-0310-4FB8-844F-424F07852D9A}.Release|x86.ActiveCfg = Release|Any CPU
		{9AB5D3F5-0310-4FB8-844F-424F07852D9A}.Release|x86.Build.0 = Release|Any CPU
		{68F42766-9A11-4219-BEC8-A80BCFCB7F0E}.Debug|Any CPU.ActiveCfg = Debug|Any CPU
		{68F42766-9A11-4219-BEC8-A80BCFCB7F0E}.Debug|Any CPU.Build.0 = Debug|Any CPU
		{68F42766-9A11-4219-BEC8-A80BCFCB7F0E}.Debug|x64.ActiveCfg = Debug|Any CPU
		{68F42766-9A11-4219-BEC8-A80BCFCB7F0E}.Debug|x64.Build.0 = Debug|Any CPU
		{68F42766-9A11-4219-BEC8-A80BCFCB7F0E}.Debug|x86.ActiveCfg = Debug|Any CPU
		{68F42766-9A11-4219-BEC8-A80BCFCB7F0E}.Debug|x86.Build.0 = Debug|Any CPU
		{68F42766-9A11-4219-BEC8-A80BCFCB7F0E}.Release|Any CPU.ActiveCfg = Release|Any CPU
		{68F42766-9A11-4219-BEC8-A80BCFCB7F0E}.Release|Any CPU.Build.0 = Release|Any CPU
		{68F42766-9A11-4219-BEC8-A80BCFCB7F0E}.Release|x64.ActiveCfg = Release|Any CPU
		{68F42766-9A11-4219-BEC8-A80BCFCB7F0E}.Release|x64.Build.0 = Release|Any CPU
		{68F42766-9A11-4219-BEC8-A80BCFCB7F0E}.Release|x86.ActiveCfg = Release|Any CPU
		{68F42766-9A11-4219-BEC8-A80BCFCB7F0E}.Release|x86.Build.0 = Release|Any CPU
		{625EEBD5-F1A6-479A-97C7-267AE99DFEE9}.Debug|Any CPU.ActiveCfg = Debug|Any CPU
		{625EEBD5-F1A6-479A-97C7-267AE99DFEE9}.Debug|Any CPU.Build.0 = Debug|Any CPU
		{625EEBD5-F1A6-479A-97C7-267AE99DFEE9}.Debug|x64.ActiveCfg = Debug|Any CPU
		{625EEBD5-F1A6-479A-97C7-267AE99DFEE9}.Debug|x64.Build.0 = Debug|Any CPU
		{625EEBD5-F1A6-479A-97C7-267AE99DFEE9}.Debug|x86.ActiveCfg = Debug|Any CPU
		{625EEBD5-F1A6-479A-97C7-267AE99DFEE9}.Debug|x86.Build.0 = Debug|Any CPU
		{625EEBD5-F1A6-479A-97C7-267AE99DFEE9}.Release|Any CPU.ActiveCfg = Release|Any CPU
		{625EEBD5-F1A6-479A-97C7-267AE99DFEE9}.Release|Any CPU.Build.0 = Release|Any CPU
		{625EEBD5-F1A6-479A-97C7-267AE99DFEE9}.Release|x64.ActiveCfg = Release|Any CPU
		{625EEBD5-F1A6-479A-97C7-267AE99DFEE9}.Release|x64.Build.0 = Release|Any CPU
		{625EEBD5-F1A6-479A-97C7-267AE99DFEE9}.Release|x86.ActiveCfg = Release|Any CPU
		{625EEBD5-F1A6-479A-97C7-267AE99DFEE9}.Release|x86.Build.0 = Release|Any CPU
		{E4CB39D6-171F-481A-A10C-DC72AB878B16}.Debug|Any CPU.ActiveCfg = Debug|Any CPU
		{E4CB39D6-171F-481A-A10C-DC72AB878B16}.Debug|Any CPU.Build.0 = Debug|Any CPU
		{E4CB39D6-171F-481A-A10C-DC72AB878B16}.Debug|x64.ActiveCfg = Debug|Any CPU
		{E4CB39D6-171F-481A-A10C-DC72AB878B16}.Debug|x64.Build.0 = Debug|Any CPU
		{E4CB39D6-171F-481A-A10C-DC72AB878B16}.Debug|x86.ActiveCfg = Debug|Any CPU
		{E4CB39D6-171F-481A-A10C-DC72AB878B16}.Debug|x86.Build.0 = Debug|Any CPU
		{E4CB39D6-171F-481A-A10C-DC72AB878B16}.Release|Any CPU.ActiveCfg = Release|Any CPU
		{E4CB39D6-171F-481A-A10C-DC72AB878B16}.Release|Any CPU.Build.0 = Release|Any CPU
		{E4CB39D6-171F-481A-A10C-DC72AB878B16}.Release|x64.ActiveCfg = Release|Any CPU
		{E4CB39D6-171F-481A-A10C-DC72AB878B16}.Release|x64.Build.0 = Release|Any CPU
		{E4CB39D6-171F-481A-A10C-DC72AB878B16}.Release|x86.ActiveCfg = Release|Any CPU
		{E4CB39D6-171F-481A-A10C-DC72AB878B16}.Release|x86.Build.0 = Release|Any CPU
		{CEAA35D6-47E9-4717-8A23-E8383385C962}.Debug|Any CPU.ActiveCfg = Debug|Any CPU
		{CEAA35D6-47E9-4717-8A23-E8383385C962}.Debug|Any CPU.Build.0 = Debug|Any CPU
		{CEAA35D6-47E9-4717-8A23-E8383385C962}.Debug|x64.ActiveCfg = Debug|Any CPU
		{CEAA35D6-47E9-4717-8A23-E8383385C962}.Debug|x64.Build.0 = Debug|Any CPU
		{CEAA35D6-47E9-4717-8A23-E8383385C962}.Debug|x86.ActiveCfg = Debug|Any CPU
		{CEAA35D6-47E9-4717-8A23-E8383385C962}.Debug|x86.Build.0 = Debug|Any CPU
		{CEAA35D6-47E9-4717-8A23-E8383385C962}.Release|Any CPU.ActiveCfg = Release|Any CPU
		{CEAA35D6-47E9-4717-8A23-E8383385C962}.Release|Any CPU.Build.0 = Release|Any CPU
		{CEAA35D6-47E9-4717-8A23-E8383385C962}.Release|x64.ActiveCfg = Release|Any CPU
		{CEAA35D6-47E9-4717-8A23-E8383385C962}.Release|x64.Build.0 = Release|Any CPU
		{CEAA35D6-47E9-4717-8A23-E8383385C962}.Release|x86.ActiveCfg = Release|Any CPU
		{CEAA35D6-47E9-4717-8A23-E8383385C962}.Release|x86.Build.0 = Release|Any CPU
		{FEC13C5F-7291-40B2-BFF2-28695B9BB8B8}.Debug|Any CPU.ActiveCfg = Debug|Any CPU
		{FEC13C5F-7291-40B2-BFF2-28695B9BB8B8}.Debug|Any CPU.Build.0 = Debug|Any CPU
		{FEC13C5F-7291-40B2-BFF2-28695B9BB8B8}.Debug|x64.ActiveCfg = Debug|Any CPU
		{FEC13C5F-7291-40B2-BFF2-28695B9BB8B8}.Debug|x64.Build.0 = Debug|Any CPU
		{FEC13C5F-7291-40B2-BFF2-28695B9BB8B8}.Debug|x86.ActiveCfg = Debug|Any CPU
		{FEC13C5F-7291-40B2-BFF2-28695B9BB8B8}.Debug|x86.Build.0 = Debug|Any CPU
		{FEC13C5F-7291-40B2-BFF2-28695B9BB8B8}.Release|Any CPU.ActiveCfg = Release|Any CPU
		{FEC13C5F-7291-40B2-BFF2-28695B9BB8B8}.Release|Any CPU.Build.0 = Release|Any CPU
		{FEC13C5F-7291-40B2-BFF2-28695B9BB8B8}.Release|x64.ActiveCfg = Release|Any CPU
		{FEC13C5F-7291-40B2-BFF2-28695B9BB8B8}.Release|x64.Build.0 = Release|Any CPU
		{FEC13C5F-7291-40B2-BFF2-28695B9BB8B8}.Release|x86.ActiveCfg = Release|Any CPU
		{FEC13C5F-7291-40B2-BFF2-28695B9BB8B8}.Release|x86.Build.0 = Release|Any CPU
	EndGlobalSection
	GlobalSection(SolutionProperties) = preSolution
		HideSolutionNode = FALSE
	EndGlobalSection
	GlobalSection(NestedProjects) = preSolution
		{70B897F1-AACC-F8C6-C83F-72E152202BC2} = {827E0CD3-B72D-47B6-A68D-7590B98EB39B}
		{68F42766-9A11-4219-BEC8-A80BCFCB7F0E} = {70B897F1-AACC-F8C6-C83F-72E152202BC2}
		{625EEBD5-F1A6-479A-97C7-267AE99DFEE9} = {70B897F1-AACC-F8C6-C83F-72E152202BC2}
		{E4CB39D6-171F-481A-A10C-DC72AB878B16} = {827E0CD3-B72D-47B6-A68D-7590B98EB39B}
		{CEA09484-30F6-4D44-02F6-822E06DBC57C} = {827E0CD3-B72D-47B6-A68D-7590B98EB39B}
		{CEAA35D6-47E9-4717-8A23-E8383385C962} = {CEA09484-30F6-4D44-02F6-822E06DBC57C}
		{FEC13C5F-7291-40B2-BFF2-28695B9BB8B8} = {CEA09484-30F6-4D44-02F6-822E06DBC57C}
	EndGlobalSection
EndGlobal
